
Microsoft Visual Studio Solution File, Format Version 12.00
# Visual Studio Version 16
VisualStudioVersion = 16.0.30523.141
MinimumVisualStudioVersion = 10.0.40219.1
Project("{FAE04EC0-301F-11D3-BF4B-00C04F79EFBC}") = "SideCarCLI", "SideCarCLI\SideCarCLI.csproj", "{8D1D2CEC-3F82-4691-BDF1-981C999E2653}"
EndProject
Global
	GlobalSection(SolutionConfigurationPlatforms) = preSolution
		Debug|Any CPU = Debug|Any CPU
		Release|Any CPU = Release|Any CPU
	EndGlobalSection
	GlobalSection(ProjectConfigurationPlatforms) = postSolution
		{8D1D2CEC-3F82-4691-BDF1-981C999E2653}.Debug|Any CPU.ActiveCfg = Debug|Any CPU
		{8D1D2CEC-3F82-4691-BDF1-981C999E2653}.Debug|Any CPU.Build.0 = Debug|Any CPU
		{8D1D2CEC-3F82-4691-BDF1-981C999E2653}.Release|Any CPU.ActiveCfg = Release|Any CPU
		{8D1D2CEC-3F82-4691-BDF1-981C999E2653}.Release|Any CPU.Build.0 = Release|Any CPU
	EndGlobalSection
	GlobalSection(SolutionProperties) = preSolution
		HideSolutionNode = FALSE
	EndGlobalSection
	GlobalSection(ExtensibilityGlobals) = postSolution
		SolutionGuid = {DC8578FF-1361-4BA3-97A1-D536C5AD1DAD}
	EndGlobalSection
EndGlobal
